
Microsoft Visual Studio Solution File, Format Version 12.00
# Visual Studio Version 16
VisualStudioVersion = 16.0.30413.136
MinimumVisualStudioVersion = 10.0.40219.1
Project("{FAE04EC0-301F-11D3-BF4B-00C04F79EFBC}") = "Week1-Demo", "Week1-Demo.csproj", "{36DD429E-B56B-4993-93A6-4938258F6113}"
EndProject
Global
	GlobalSection(SolutionConfigurationPlatforms) = preSolution
		Debug|Any CPU = Debug|Any CPU
		Release|Any CPU = Release|Any CPU
	EndGlobalSection
	GlobalSection(ProjectConfigurationPlatforms) = postSolution
		{36DD429E-B56B-4993-93A6-4938258F6113}.Debug|Any CPU.ActiveCfg = Debug|Any CPU
		{36DD429E-B56B-4993-93A6-4938258F6113}.Debug|Any CPU.Build.0 = Debug|Any CPU
		{36DD429E-B56B-4993-93A6-4938258F6113}.Release|Any CPU.ActiveCfg = Release|Any CPU
		{36DD429E-B56B-4993-93A6-4938258F6113}.Release|Any CPU.Build.0 = Release|Any CPU
	EndGlobalSection
	GlobalSection(SolutionProperties) = preSolution
		HideSolutionNode = FALSE
	EndGlobalSection
	GlobalSection(ExtensibilityGlobals) = postSolution
		SolutionGuid = {C70490EF-D7B2-4509-9A12-E53E6534D621}
	EndGlobalSection
EndGlobal
